
Microsoft Visual Studio Solution File, Format Version 12.00
# Visual Studio Version 17
VisualStudioVersion = 17.14.36623.8 d17.14
MinimumVisualStudioVersion = 10.0.40219.1
Project("{FAE04EC0-301F-11D3-BF4B-00C04F79EFBC}") = "second", "second\second.csproj", "{F6227CAE-38A9-418B-903F-5EA654C172B0}"
EndProject
Global
	GlobalSection(SolutionConfigurationPlatforms) = preSolution
		Debug|Any CPU = Debug|Any CPU
		Release|Any CPU = Release|Any CPU
	EndGlobalSection
	GlobalSection(ProjectConfigurationPlatforms) = postSolution
		{F6227CAE-38A9-418B-903F-5EA654C172B0}.Debug|Any CPU.ActiveCfg = Debug|Any CPU
		{F6227CAE-38A9-418B-903F-5EA654C172B0}.Debug|Any CPU.Build.0 = Debug|Any CPU
		{F6227CAE-38A9-418B-903F-5EA654C172B0}.Release|Any CPU.ActiveCfg = Release|Any CPU
		{F6227CAE-38A9-418B-903F-5EA654C172B0}.Release|Any CPU.Build.0 = Release|Any CPU
	EndGlobalSection
	GlobalSection(SolutionProperties) = preSolution
		HideSolutionNode = FALSE
	EndGlobalSection
	GlobalSection(ExtensibilityGlobals) = postSolution
		SolutionGuid = {C4E0C583-4383-4C06-8D24-D8E38BA2AA10}
	EndGlobalSection
EndGlobal
